
Microsoft Visual Studio Solution File, Format Version 12.00
# Visual Studio Version 17
VisualStudioVersion = 17.14.36127.28 d17.14
MinimumVisualStudioVersion = 10.0.40219.1
Project("{FAE04EC0-301F-11D3-BF4B-00C04F79EFBC}") = "Azunt.NoteManagement", "Azunt.NoteManagement\Azunt.NoteManagement.csproj", "{871337D5-B536-4949-8E12-206BFEF5AA0F}"
EndProject
Project("{FAE04EC0-301F-11D3-BF4B-00C04F79EFBC}") = "Azunt.Web", "Azunt.Web\Azunt.Web\Azunt.Web.csproj", "{62D0BB21-B476-4AA9-ADA4-F175578B7DD6}"
EndProject
Project("{FAE04EC0-301F-11D3-BF4B-00C04F79EFBC}") = "Azunt.Web.Client", "Azunt.Web\Azunt.Web.Client\Azunt.Web.Client.csproj", "{9BEAC922-B709-4DE7-B076-3572ED5CAF1F}"
EndProject
Global
	GlobalSection(SolutionConfigurationPlatforms) = preSolution
		Debug|Any CPU = Debug|Any CPU
		Release|Any CPU = Release|Any CPU
	EndGlobalSection
	GlobalSection(ProjectConfigurationPlatforms) = postSolution
		{871337D5-B536-4949-8E12-206BFEF5AA0F}.Debug|Any CPU.ActiveCfg = Debug|Any CPU
		{871337D5-B536-4949-8E12-206BFEF5AA0F}.Debug|Any CPU.Build.0 = Debug|Any CPU
		{871337D5-B536-4949-8E12-206BFEF5AA0F}.Release|Any CPU.ActiveCfg = Release|Any CPU
		{871337D5-B536-4949-8E12-206BFEF5AA0F}.Release|Any CPU.Build.0 = Release|Any CPU
		{62D0BB21-B476-4AA9-ADA4-F175578B7DD6}.Debug|Any CPU.ActiveCfg = Debug|Any CPU
		{62D0BB21-B476-4AA9-ADA4-F175578B7DD6}.Debug|Any CPU.Build.0 = Debug|Any CPU
		{62D0BB21-B476-4AA9-ADA4-F175578B7DD6}.Release|Any CPU.ActiveCfg = Release|Any CPU
		{62D0BB21-B476-4AA9-ADA4-F175578B7DD6}.Release|Any CPU.Build.0 = Release|Any CPU
		{9BEAC922-B709-4DE7-B076-3572ED5CAF1F}.Debug|Any CPU.ActiveCfg = Debug|Any CPU
		{9BEAC922-B709-4DE7-B076-3572ED5CAF1F}.Debug|Any CPU.Build.0 = Debug|Any CPU
		{9BEAC922-B709-4DE7-B076-3572ED5CAF1F}.Release|Any CPU.ActiveCfg = Release|Any CPU
		{9BEAC922-B709-4DE7-B076-3572ED5CAF1F}.Release|Any CPU.Build.0 = Release|Any CPU
	EndGlobalSection
	GlobalSection(SolutionProperties) = preSolution
		HideSolutionNode = FALSE
	EndGlobalSection
	GlobalSection(ExtensibilityGlobals) = postSolution
		SolutionGuid = {DAF27B32-2C12-4198-B37E-0C56A690F9D5}
	EndGlobalSection
EndGlobal
